
Microsoft Visual Studio Solution File, Format Version 12.00
Project("{FAE04EC0-301F-11D3-BF4B-00C04F79EFBC}") = "RedisCaching", "RedisCaching\RedisCaching.csproj", "{B78E788F-FA4C-4287-A746-FBAAD0A4FE48}"
EndProject
Project("{FAE04EC0-301F-11D3-BF4B-00C04F79EFBC}") = "RedisCachingAdvanced", "RedisCachingAdvanced\RedisCachingAdvanced.csproj", "{8452B47A-17C1-4D6E-AC74-38FC181EDC9F}"
EndProject
Project("{FAE04EC0-301F-11D3-BF4B-00C04F79EFBC}") = "RedisDataTypes", "RedisDataTypes\RedisDataTypes.csproj", "{314D631E-AFDC-4711-8788-1C480A59C331}"
EndProject
Project("{FAE04EC0-301F-11D3-BF4B-00C04F79EFBC}") = "RedisList", "RedisList\RedisList.csproj", "{C1D09914-9536-4093-A9AE-8403E54E5DD4}"
EndProject
Project("{FAE04EC0-301F-11D3-BF4B-00C04F79EFBC}") = "RedisSet", "RedisSet\RedisSet.csproj", "{0AC959CA-4693-42C6-BFD7-8A23CB173A78}"
EndProject
Project("{FAE04EC0-301F-11D3-BF4B-00C04F79EFBC}") = "RedisSortedSet", "RedisSortedSet\RedisSortedSet.csproj", "{36794CFC-537F-46A6-86A0-2D5A40A0E12E}"
EndProject
Project("{FAE04EC0-301F-11D3-BF4B-00C04F79EFBC}") = "RedisStreams", "RedisStreams\RedisStreams.csproj", "{5919C10C-1EF3-4477-8BF2-0188D4C05078}"
EndProject
Project("{FAE04EC0-301F-11D3-BF4B-00C04F79EFBC}") = "RedisTransactions", "RedisTransactions\RedisTransactions.csproj", "{F872C882-A6C0-4BD1-928E-09B92D44C8FE}"
EndProject
Global
	GlobalSection(SolutionConfigurationPlatforms) = preSolution
		Debug|Any CPU = Debug|Any CPU
		Release|Any CPU = Release|Any CPU
	EndGlobalSection
	GlobalSection(ProjectConfigurationPlatforms) = postSolution
		{B78E788F-FA4C-4287-A746-FBAAD0A4FE48}.Debug|Any CPU.ActiveCfg = Debug|Any CPU
		{B78E788F-FA4C-4287-A746-FBAAD0A4FE48}.Debug|Any CPU.Build.0 = Debug|Any CPU
		{B78E788F-FA4C-4287-A746-FBAAD0A4FE48}.Release|Any CPU.ActiveCfg = Release|Any CPU
		{B78E788F-FA4C-4287-A746-FBAAD0A4FE48}.Release|Any CPU.Build.0 = Release|Any CPU
		{8452B47A-17C1-4D6E-AC74-38FC181EDC9F}.Debug|Any CPU.ActiveCfg = Debug|Any CPU
		{8452B47A-17C1-4D6E-AC74-38FC181EDC9F}.Debug|Any CPU.Build.0 = Debug|Any CPU
		{8452B47A-17C1-4D6E-AC74-38FC181EDC9F}.Release|Any CPU.ActiveCfg = Release|Any CPU
		{8452B47A-17C1-4D6E-AC74-38FC181EDC9F}.Release|Any CPU.Build.0 = Release|Any CPU
		{314D631E-AFDC-4711-8788-1C480A59C331}.Debug|Any CPU.ActiveCfg = Debug|Any CPU
		{314D631E-AFDC-4711-8788-1C480A59C331}.Debug|Any CPU.Build.0 = Debug|Any CPU
		{314D631E-AFDC-4711-8788-1C480A59C331}.Release|Any CPU.ActiveCfg = Release|Any CPU
		{314D631E-AFDC-4711-8788-1C480A59C331}.Release|Any CPU.Build.0 = Release|Any CPU
		{C1D09914-9536-4093-A9AE-8403E54E5DD4}.Debug|Any CPU.ActiveCfg = Debug|Any CPU
		{C1D09914-9536-4093-A9AE-8403E54E5DD4}.Debug|Any CPU.Build.0 = Debug|Any CPU
		{C1D09914-9536-4093-A9AE-8403E54E5DD4}.Release|Any CPU.ActiveCfg = Release|Any CPU
		{C1D09914-9536-4093-A9AE-8403E54E5DD4}.Release|Any CPU.Build.0 = Release|Any CPU
		{0AC959CA-4693-42C6-BFD7-8A23CB173A78}.Debug|Any CPU.ActiveCfg = Debug|Any CPU
		{0AC959CA-4693-42C6-BFD7-8A23CB173A78}.Debug|Any CPU.Build.0 = Debug|Any CPU
		{0AC959CA-4693-42C6-BFD7-8A23CB173A78}.Release|Any CPU.ActiveCfg = Release|Any CPU
		{0AC959CA-4693-42C6-BFD7-8A23CB173A78}.Release|Any CPU.Build.0 = Release|Any CPU
		{36794CFC-537F-46A6-86A0-2D5A40A0E12E}.Debug|Any CPU.ActiveCfg = Debug|Any CPU
		{36794CFC-537F-46A6-86A0-2D5A40A0E12E}.Debug|Any CPU.Build.0 = Debug|Any CPU
		{36794CFC-537F-46A6-86A0-2D5A40A0E12E}.Release|Any CPU.ActiveCfg = Release|Any CPU
		{36794CFC-537F-46A6-86A0-2D5A40A0E12E}.Release|Any CPU.Build.0 = Release|Any CPU
		{5919C10C-1EF3-4477-8BF2-0188D4C05078}.Debug|Any CPU.ActiveCfg = Debug|Any CPU
		{5919C10C-1EF3-4477-8BF2-0188D4C05078}.Debug|Any CPU.Build.0 = Debug|Any CPU
		{5919C10C-1EF3-4477-8BF2-0188D4C05078}.Release|Any CPU.ActiveCfg = Release|Any CPU
		{5919C10C-1EF3-4477-8BF2-0188D4C05078}.Release|Any CPU.Build.0 = Release|Any CPU
		{F872C882-A6C0-4BD1-928E-09B92D44C8FE}.Debug|Any CPU.ActiveCfg = Debug|Any CPU
		{F872C882-A6C0-4BD1-928E-09B92D44C8FE}.Debug|Any CPU.Build.0 = Debug|Any CPU
		{F872C882-A6C0-4BD1-928E-09B92D44C8FE}.Release|Any CPU.ActiveCfg = Release|Any CPU
		{F872C882-A6C0-4BD1-928E-09B92D44C8FE}.Release|Any CPU.Build.0 = Release|Any CPU
	EndGlobalSection
EndGlobal
